// !$*UTF8*$!
{
	archiveVersion = 1;
	classes = {
	};
	objectVersion = 50;
	objects = {

/* Begin PBXBuildFile section */
		EF5E8FC325F7EDEF00798AC4 /* Mastermind_AleixAzuelaApp.swift in Sources */ = {isa = PBXBuildFile; fileRef = EF5E8FC225F7EDEF00798AC4 /* Mastermind_AleixAzuelaApp.swift */; };
		EF5E8FC525F7EDEF00798AC4 /* ContentView.swift in Sources */ = {isa = PBXBuildFile; fileRef = EF5E8FC425F7EDEF00798AC4 /* ContentView.swift */; };
		EF5E8FC725F7EDF500798AC4 /* Assets.xcassets in Resources */ = {isa = PBXBuildFile; fileRef = EF5E8FC625F7EDF500798AC4 /* Assets.xcassets */; };
		EF5E8FCA25F7EDF500798AC4 /* Preview Assets.xcassets in Resources */ = {isa = PBXBuildFile; fileRef = EF5E8FC925F7EDF500798AC4 /* Preview Assets.xcassets */; };
		EF5E8FD325F7EF5400798AC4 /* ViewModel.swift in Sources */ = {isa = PBXBuildFile; fileRef = EF5E8FD225F7EF5400798AC4 /* ViewModel.swift */; };
		EF5E8FDF25F7F7DB00798AC4 /* ColorButton.swift in Sources */ = {isa = PBXBuildFile; fileRef = EF5E8FDE25F7F7DB00798AC4 /* ColorButton.swift */; };
		EF5E8FE625F8002D00798AC4 /* GuessStack.swift in Sources */ = {isa = PBXBuildFile; fileRef = EF5E8FE525F8002D00798AC4 /* GuessStack.swift */; };
		EF5E8FEB25FBE35400798AC4 /* GuessModel.swift in Sources */ = {isa = PBXBuildFile; fileRef = EF5E8FEA25FBE35400798AC4 /* GuessModel.swift */; };
		EF5E8FF826012A5C00798AC4 /* UIPlayerGuessStack.swift in Sources */ = {isa = PBXBuildFile; fileRef = EF5E8FF726012A5C00798AC4 /* UIPlayerGuessStack.swift */; };
/* End PBXBuildFile section */

/* Begin PBXFileReference section */
		EF5E8FBF25F7EDEF00798AC4 /* Mastermind_AleixAzuela.app */ = {isa = PBXFileReference; explicitFileType = wrapper.application; includeInIndex = 0; path = Mastermind_AleixAzuela.app; sourceTree = BUILT_PRODUCTS_DIR; };
		EF5E8FC225F7EDEF00798AC4 /* Mastermind_AleixAzuelaApp.swift */ = {isa = PBXFileReference; lastKnownFileType = sourcecode.swift; path = Mastermind_AleixAzuelaApp.swift; sourceTree = "<group>"; };
		EF5E8FC425F7EDEF00798AC4 /* ContentView.swift */ = {isa = PBXFileReference; lastKnownFileType = sourcecode.swift; path = ContentView.swift; sourceTree = "<group>"; };
		EF5E8FC625F7EDF500798AC4 /* Assets.xcassets */ = {isa = PBXFileReference; lastKnownFileType = folder.assetcatalog; path = Assets.xcassets; sourceTree = "<group>"; };
		EF5E8FC925F7EDF500798AC4 /* Preview Assets.xcassets */ = {isa = PBXFileReference; lastKnownFileType = folder.assetcatalog; path = "Preview Assets.xcassets"; sourceTree = "<group>"; };
		EF5E8FCB25F7EDF500798AC4 /* Info.plist */ = {isa = PBXFileReference; lastKnownFileType = text.plist.xml; path = Info.plist; sourceTree = "<group>"; };
		EF5E8FD225F7EF5400798AC4 /* ViewModel.swift */ = {isa = PBXFileReference; lastKnownFileType = sourcecode.swift; path = ViewModel.swift; sourceTree = "<group>"; };
		EF5E8FDE25F7F7DB00798AC4 /* ColorButton.swift */ = {isa = PBXFileReference; lastKnownFileType = sourcecode.swift; path = ColorButton.swift; sourceTree = "<group>"; };
		EF5E8FE525F8002D00798AC4 /* GuessStack.swift */ = {isa = PBXFileReference; lastKnownFileType = sourcecode.swift; path = GuessStack.swift; sourceTree = "<group>"; };
		EF5E8FEA25FBE35400798AC4 /* GuessModel.swift */ = {isa = PBXFileReference; lastKnownFileType = sourcecode.swift; path = GuessModel.swift; sourceTree = "<group>"; };
		EF5E8FF726012A5C00798AC4 /* UIPlayerGuessStack.swift */ = {isa = PBXFileReference; lastKnownFileType = sourcecode.swift; path = UIPlayerGuessStack.swift; sourceTree = "<group>"; };
/* End PBXFileReference section */

/* Begin PBXFrameworksBuildPhase section */
		EF5E8FBC25F7EDEF00798AC4 /* Frameworks */ = {
			isa = PBXFrameworksBuildPhase;
			buildActionMask = 2147483647;
			files = (
			);
			runOnlyForDeploymentPostprocessing = 0;
		};
/* End PBXFrameworksBuildPhase section */

/* Begin PBXGroup section */
		EF5E8FB625F7EDEF00798AC4 = {
			isa = PBXGroup;
			children = (
				EF5E8FC125F7EDEF00798AC4 /* Mastermind_AleixAzuela */,
				EF5E8FC025F7EDEF00798AC4 /* Products */,
			);
			sourceTree = "<group>";
		};
		EF5E8FC025F7EDEF00798AC4 /* Products */ = {
			isa = PBXGroup;
			children = (
				EF5E8FBF25F7EDEF00798AC4 /* Mastermind_AleixAzuela.app */,
			);
			name = Products;
			sourceTree = "<group>";
		};
		EF5E8FC125F7EDEF00798AC4 /* Mastermind_AleixAzuela */ = {
			isa = PBXGroup;
			children = (
				EF5E8FC225F7EDEF00798AC4 /* Mastermind_AleixAzuelaApp.swift */,
				EF5E8FDA25F7F6B300798AC4 /* ViewModel */,
				EF5E8FD525F7EF7A00798AC4 /* Models */,
				EF5E8FDC25F7F6D100798AC4 /* View */,
				EF5E8FC625F7EDF500798AC4 /* Assets.xcassets */,
				EF5E8FCB25F7EDF500798AC4 /* Info.plist */,
				EF5E8FC825F7EDF500798AC4 /* Preview Content */,
			);
			path = Mastermind_AleixAzuela;
			sourceTree = "<group>";
		};
		EF5E8FC825F7EDF500798AC4 /* Preview Content */ = {
			isa = PBXGroup;
			children = (
				EF5E8FC925F7EDF500798AC4 /* Preview Assets.xcassets */,
			);
			path = "Preview Content";
			sourceTree = "<group>";
		};
		EF5E8FD525F7EF7A00798AC4 /* Models */ = {
			isa = PBXGroup;
			children = (
				EF5E8FEA25FBE35400798AC4 /* GuessModel.swift */,
			);
			path = Models;
			sourceTree = "<group>";
		};
		EF5E8FDA25F7F6B300798AC4 /* ViewModel */ = {
			isa = PBXGroup;
			children = (
				EF5E8FD225F7EF5400798AC4 /* ViewModel.swift */,
			);
			path = ViewModel;
			sourceTree = "<group>";
		};
		EF5E8FDC25F7F6D100798AC4 /* View */ = {
			isa = PBXGroup;
			children = (
				EF5E8FDE25F7F7DB00798AC4 /* ColorButton.swift */,
				EF5E8FE525F8002D00798AC4 /* GuessStack.swift */,
				EF5E8FC425F7EDEF00798AC4 /* ContentView.swift */,
				EF5E8FF726012A5C00798AC4 /* UIPlayerGuessStack.swift */,
			);
			path = View;
			sourceTree = "<group>";
		};
/* End PBXGroup section */

/* Begin PBXNativeTarget section */
		EF5E8FBE25F7EDEF00798AC4 /* Mastermind_AleixAzuela */ = {
			isa = PBXNativeTarget;
			buildConfigurationList = EF5E8FCE25F7EDF500798AC4 /* Build configuration list for PBXNativeTarget "Mastermind_AleixAzuela" */;
			buildPhases = (
				EF5E8FBB25F7EDEF00798AC4 /* Sources */,
				EF5E8FBC25F7EDEF00798AC4 /* Frameworks */,
				EF5E8FBD25F7EDEF00798AC4 /* Resources */,
			);
			buildRules = (
			);
			dependencies = (
			);
			name = Mastermind_AleixAzuela;
			productName = Mastermind_AleixAzuela;
			productReference = EF5E8FBF25F7EDEF00798AC4 /* Mastermind_AleixAzuela.app */;
			productType = "com.apple.product-type.application";
		};
/* End PBXNativeTarget section */

/* Begin PBXProject section */
		EF5E8FB725F7EDEF00798AC4 /* Project object */ = {
			isa = PBXProject;
			attributes = {
				LastSwiftUpdateCheck = 1240;
				LastUpgradeCheck = 1240;
				TargetAttributes = {
					EF5E8FBE25F7EDEF00798AC4 = {
						CreatedOnToolsVersion = 12.4;
					};
				};
			};
			buildConfigurationList = EF5E8FBA25F7EDEF00798AC4 /* Build configuration list for PBXProject "Mastermind_AleixAzuela" */;
			compatibilityVersion = "Xcode 9.3";
			developmentRegion = en;
			hasScannedForEncodings = 0;
			knownRegions = (
				en,
				Base,
			);
			mainGroup = EF5E8FB625F7EDEF00798AC4;
			productRefGroup = EF5E8FC025F7EDEF00798AC4 /* Products */;
			projectDirPath = "";
			projectRoot = "";
			targets = (
				EF5E8FBE25F7EDEF00798AC4 /* Mastermind_AleixAzuela */,
			);
		};
/* End PBXProject section */

/* Begin PBXResourcesBuildPhase section */
		EF5E8FBD25F7EDEF00798AC4 /* Resources */ = {
			isa = PBXResourcesBuildPhase;
			buildActionMask = 2147483647;
			files = (
				EF5E8FCA25F7EDF500798AC4 /* Preview Assets.xcassets in Resources */,
				EF5E8FC725F7EDF500798AC4 /* Assets.xcassets in Resources */,
			);
			runOnlyForDeploymentPostprocessing = 0;
		};
/* End PBXResourcesBuildPhase section */

/* Begin PBXSourcesBuildPhase section */
		EF5E8FBB25F7EDEF00798AC4 /* Sources */ = {
			isa = PBXSourcesBuildPhase;
			buildActionMask = 2147483647;
			files = (
				EF5E8FC525F7EDEF00798AC4 /* ContentView.swift in Sources */,
				EF5E8FD325F7EF5400798AC4 /* ViewModel.swift in Sources */,
				EF5E8FEB25FBE35400798AC4 /* GuessModel.swift in Sources */,
				EF5E8FF826012A5C00798AC4 /* UIPlayerGuessStack.swift in Sources */,
				EF5E8FDF25F7F7DB00798AC4 /* ColorButton.swift in Sources */,
				EF5E8FC325F7EDEF00798AC4 /* Mastermind_AleixAzuelaApp.swift in Sources */,
				EF5E8FE625F8002D00798AC4 /* GuessStack.swift in Sources */,
			);
			runOnlyForDeploymentPostprocessing = 0;
		};
/* End PBXSourcesBuildPhase section */

/* Begin XCBuildConfiguration section */
		EF5E8FCC25F7EDF500798AC4 /* Debug */ = {
			isa = XCBuildConfiguration;
			buildSettings = {
				ALWAYS_SEARCH_USER_PATHS = NO;
				CLANG_ANALYZER_NONNULL = YES;
				CLANG_ANALYZER_NUMBER_OBJECT_CONVERSION = YES_AGGRESSIVE;
				CLANG_CXX_LANGUAGE_STANDARD = "gnu++14";
				CLANG_CXX_LIBRARY = "libc++";
				CLANG_ENABLE_MODULES = YES;
				CLANG_ENABLE_OBJC_ARC = YES;
				CLANG_ENABLE_OBJC_WEAK = YES;
				CLANG_WARN_BLOCK_CAPTURE_AUTORELEASING = YES;
				CLANG_WARN_BOOL_CONVERSION = YES;
				CLANG_WARN_COMMA = YES;
				CLANG_WARN_CONSTANT_CONVERSION = YES;
				CLANG_WARN_DEPRECATED_OBJC_IMPLEMENTATIONS = YES;
				CLANG_WARN_DIRECT_OBJC_ISA_USAGE = YES_ERROR;
				CLANG_WARN_DOCUMENTATION_COMMENTS = YES;
				CLANG_WARN_EMPTY_BODY = YES;
				CLANG_WARN_ENUM_CONVERSION = YES;
				CLANG_WARN_INFINITE_RECURSION = YES;
				CLANG_WARN_INT_CONVERSION = YES;
				CLANG_WARN_NON_LITERAL_NULL_CONVERSION = YES;
				CLANG_WARN_OBJC_IMPLICIT_RETAIN_SELF = YES;
				CLANG_WARN_OBJC_LITERAL_CONVERSION = YES;
				CLANG_WARN_OBJC_ROOT_CLASS = YES_ERROR;
				CLANG_WARN_QUOTED_INCLUDE_IN_FRAMEWORK_HEADER = YES;
				CLANG_WARN_RANGE_LOOP_ANALYSIS = YES;
				CLANG_WARN_STRICT_PROTOTYPES = YES;
				CLANG_WARN_SUSPICIOUS_MOVE = YES;
				CLANG_WARN_UNGUARDED_AVAILABILITY = YES_AGGRESSIVE;
				CLANG_WARN_UNREACHABLE_CODE = YES;
				CLANG_WARN__DUPLICATE_METHOD_MATCH = YES;
				COPY_PHASE_STRIP = NO;
				DEBUG_INFORMATION_FORMAT = dwarf;
				ENABLE_STRICT_OBJC_MSGSEND = YES;
				ENABLE_TESTABILITY = YES;
				GCC_C_LANGUAGE_STANDARD = gnu11;
				GCC_DYNAMIC_NO_PIC = NO;
				GCC_NO_COMMON_BLOCKS = YES;
				GCC_OPTIMIZATION_LEVEL = 0;
				GCC_PREPROCESSOR_DEFINITIONS = (
					"DEBUG=1",
					"$(inherited)",
				);
				GCC_WARN_64_TO_32_BIT_CONVERSION = YES;
				GCC_WARN_ABOUT_RETURN_TYPE = YES_ERROR;
				GCC_WARN_UNDECLARED_SELECTOR = YES;
				GCC_WARN_UNINITIALIZED_AUTOS = YES_AGGRESSIVE;
				GCC_WARN_UNUSED_FUNCTION = YES;
				GCC_WARN_UNUSED_VARIABLE = YES;
				IPHONEOS_DEPLOYMENT_TARGET = 14.4;
				MTL_ENABLE_DEBUG_INFO = INCLUDE_SOURCE;
				MTL_FAST_MATH = YES;
				ONLY_ACTIVE_ARCH = YES;
				SDKROOT = iphoneos;
				SWIFT_ACTIVE_COMPILATION_CONDITIONS = DEBUG;
				SWIFT_OPTIMIZATION_LEVEL = "-Onone";
			};
			name = Debug;
		};
		EF5E8FCD25F7EDF500798AC4 /* Release */ = {
			isa = XCBuildConfiguration;
			buildSettings = {
				ALWAYS_SEARCH_USER_PATHS = NO;
				CLANG_ANALYZER_NONNULL = YES;
				CLANG_ANALYZER_NUMBER_OBJECT_CONVERSION = YES_AGGRESSIVE;
				CLANG_CXX_LANGUAGE_STANDARD = "gnu++14";
				CLANG_CXX_LIBRARY = "libc++";
				CLANG_ENABLE_MODULES = YES;
				CLANG_ENABLE_OBJC_ARC = YES;
				CLANG_ENABLE_OBJC_WEAK = YES;
				CLANG_WARN_BLOCK_CAPTURE_AUTORELEASING = YES;
				CLANG_WARN_BOOL_CONVERSION = YES;
				CLANG_WARN_COMMA = YES;
				CLANG_WARN_CONSTANT_CONVERSION = YES;
				CLANG_WARN_DEPRECATED_OBJC_IMPLEMENTATIONS = YES;
				CLANG_WARN_DIRECT_OBJC_ISA_USAGE = YES_ERROR;
				CLANG_WARN_DOCUMENTATION_COMMENTS = YES;
				CLANG_WARN_EMPTY_BODY = YES;
				CLANG_WARN_ENUM_CONVERSION = YES;
				CLANG_WARN_INFINITE_RECURSION = YES;
				CLANG_WARN_INT_CONVERSION = YES;
				CLANG_WARN_NON_LITERAL_NULL_CONVERSION = YES;
				CLANG_WARN_OBJC_IMPLICIT_RETAIN_SELF = YES;
				CLANG_WARN_OBJC_LITERAL_CONVERSION = YES;
				CLANG_WARN_OBJC_ROOT_CLASS = YES_ERROR;
				CLANG_WARN_QUOTED_INCLUDE_IN_FRAMEWORK_HEADER = YES;
				CLANG_WARN_RANGE_LOOP_ANALYSIS = YES;
				CLANG_WARN_STRICT_PROTOTYPES = YES;
				CLANG_WARN_SUSPICIOUS_MOVE = YES;
				CLANG_WARN_UNGUARDED_AVAILABILITY = YES_AGGRESSIVE;
				CLANG_WARN_UNREACHABLE_CODE = YES;
				CLANG_WARN__DUPLICATE_METHOD_MATCH = YES;
				COPY_PHASE_STRIP = NO;
				DEBUG_INFORMATION_FORMAT = "dwarf-with-dsym";
				ENABLE_NS_ASSERTIONS = NO;
				ENABLE_STRICT_OBJC_MSGSEND = YES;
				GCC_C_LANGUAGE_STANDARD = gnu11;
				GCC_NO_COMMON_BLOCKS = YES;
				GCC_WARN_64_TO_32_BIT_CONVERSION = YES;
				GCC_WARN_ABOUT_RETURN_TYPE = YES_ERROR;
				GCC_WARN_UNDECLARED_SELECTOR = YES;
				GCC_WARN_UNINITIALIZED_AUTOS = YES_AGGRESSIVE;
				GCC_WARN_UNUSED_FUNCTION = YES;
				GCC_WARN_UNUSED_VARIABLE = YES;
				IPHONEOS_DEPLOYMENT_TARGET = 14.4;
				MTL_ENABLE_DEBUG_INFO = NO;
				MTL_FAST_MATH = YES;
				SDKROOT = iphoneos;
				SWIFT_COMPILATION_MODE = wholemodule;
				SWIFT_OPTIMIZATION_LEVEL = "-O";
				VALIDATE_PRODUCT = YES;
			};
			name = Release;
		};
		EF5E8FCF25F7EDF500798AC4 /* Debug */ = {
			isa = XCBuildConfiguration;
			buildSettings = {
				ASSETCATALOG_COMPILER_APPICON_NAME = AppIcon;
				ASSETCATALOG_COMPILER_GLOBAL_ACCENT_COLOR_NAME = AccentColor;
				CODE_SIGN_STYLE = Automatic;
				DEVELOPMENT_ASSET_PATHS = "\"Mastermind_AleixAzuela/Preview Content\"";
				ENABLE_PREVIEWS = YES;
				INFOPLIST_FILE = Mastermind_AleixAzuela/Info.plist;
				IPHONEOS_DEPLOYMENT_TARGET = 14.0;
				LD_RUNPATH_SEARCH_PATHS = (
					"$(inherited)",
					"@executable_path/Frameworks",
				);
				PRODUCT_BUNDLE_IDENTIFIER = "ProgMovils.Mastermind-AleixAzuela";
				PRODUCT_NAME = "$(TARGET_NAME)";
				SWIFT_VERSION = 5.0;
				TARGETED_DEVICE_FAMILY = "1,2";
			};
			name = Debug;
		};
		EF5E8FD025F7EDF500798AC4 /* Release */ = {
			isa = XCBuildConfiguration;
			buildSettings = {
				ASSETCATALOG_COMPILER_APPICON_NAME = AppIcon;
				ASSETCATALOG_COMPILER_GLOBAL_ACCENT_COLOR_NAME = AccentColor;
				CODE_SIGN_STYLE = Automatic;
				DEVELOPMENT_ASSET_PATHS = "\"Mastermind_AleixAzuela/Preview Content\"";
				ENABLE_PREVIEWS = YES;
				INFOPLIST_FILE = Mastermind_AleixAzuela/Info.plist;
				IPHONEOS_DEPLOYMENT_TARGET = 14.0;
				LD_RUNPATH_SEARCH_PATHS = (
					"$(inherited)",
					"@executable_path/Frameworks",
				);
				PRODUCT_BUNDLE_IDENTIFIER = "ProgMovils.Mastermind-AleixAzuela";
				PRODUCT_NAME = "$(TARGET_NAME)";
				SWIFT_VERSION = 5.0;
				TARGETED_DEVICE_FAMILY = "1,2";
			};
			name = Release;
		};
/* End XCBuildConfiguration section */

/* Begin XCConfigurationList section */
		EF5E8FBA25F7EDEF00798AC4 /* Build configuration list for PBXProject "Mastermind_AleixAzuela" */ = {
			isa = XCConfigurationList;
			buildConfigurations = (
				EF5E8FCC25F7EDF500798AC4 /* Debug */,
				EF5E8FCD25F7EDF500798AC4 /* Release */,
			);
			defaultConfigurationIsVisible = 0;
			defaultConfigurationName = Release;
		};
		EF5E8FCE25F7EDF500798AC4 /* Build configuration list for PBXNativeTarget "Mastermind_AleixAzuela" */ = {
			isa = XCConfigurationList;
			buildConfigurations = (
				EF5E8FCF25F7EDF500798AC4 /* Debug */,
				EF5E8FD025F7EDF500798AC4 /* Release */,
			);
			defaultConfigurationIsVisible = 0;
			defaultConfigurationName = Release;
		};
/* End XCConfigurationList section */
	};
	rootObject = EF5E8FB725F7EDEF00798AC4 /* Project object */;
}
